{
  "version": 4,
  "terraform_version": "1.12.0",
  "serial": 359,
  "lineage": "da941e37-a719-b340-6074-b9046f94b73f",
  "outputs": {},
  "resources": [
    {
      "mode": "managed",
      "type": "openstack_blockstorage_volume_v3",
      "name": "volumes",
      "provider": "provider[\"registry.terraform.io/terraform-provider-openstack/openstack\"]",
      "instances": [
        {
          "index_key": "volume-bastion2",
          "schema_version": 0,
          "attributes": {
            "attachment": [],
            "availability_zone": "nova",
            "backup_id": "",
            "consistency_group_id": null,
            "description": "",
            "enable_online_resize": null,
            "id": "1be76ad0-a93f-41a3-a95c-3b956b6050c5",
            "image_id": "829a7888-b7ee-4022-bc20-75f0f444f607",
            "metadata": {},
            "multiattach": null,
            "name": "volume-bastion2",
            "region": "RegionOne",
            "scheduler_hints": [],
            "size": 20,
            "snapshot_id": "",
            "source_replica": null,
            "source_vol_id": "",
            "timeouts": null,
            "volume_type": "iscsi"
          },
          "sensitive_attributes": [],
          "identity_schema_version": 0,
          "private": "eyJlMmJmYjczMC1lY2FhLTExZTYtOGY4OC0zNDM2M2JjN2M0YzAiOnsiY3JlYXRlIjo2MDAwMDAwMDAwMDAsImRlbGV0ZSI6NjAwMDAwMDAwMDAwfX0="
        },
        {
          "index_key": "volume-haproxy2",
          "schema_version": 0,
          "attributes": {
            "attachment": [],
            "availability_zone": "nova",
            "backup_id": "",
            "consistency_group_id": null,
            "description": "",
            "enable_online_resize": null,
            "id": "9e196388-636f-4229-a879-3fd8199a0238",
            "image_id": "829a7888-b7ee-4022-bc20-75f0f444f607",
            "metadata": {},
            "multiattach": null,
            "name": "volume-haproxy2",
            "region": "RegionOne",
            "scheduler_hints": [],
            "size": 20,
            "snapshot_id": "",
            "source_replica": null,
            "source_vol_id": "",
            "timeouts": null,
            "volume_type": "iscsi"
          },
          "sensitive_attributes": [],
          "identity_schema_version": 0,
          "private": "eyJlMmJmYjczMC1lY2FhLTExZTYtOGY4OC0zNDM2M2JjN2M0YzAiOnsiY3JlYXRlIjo2MDAwMDAwMDAwMDAsImRlbGV0ZSI6NjAwMDAwMDAwMDAwfX0="
        },
        {
          "index_key": "volume-web3",
          "schema_version": 0,
          "attributes": {
            "attachment": [],
            "availability_zone": "nova",
            "backup_id": "",
            "consistency_group_id": null,
            "description": "",
            "enable_online_resize": null,
            "id": "2444f0e3-71dc-4350-9d28-a5e703fb00ac",
            "image_id": "829a7888-b7ee-4022-bc20-75f0f444f607",
            "metadata": {},
            "multiattach": null,
            "name": "volume-web3",
            "region": "RegionOne",
            "scheduler_hints": [],
            "size": 20,
            "snapshot_id": "",
            "source_replica": null,
            "source_vol_id": "",
            "timeouts": null,
            "volume_type": "iscsi"
          },
          "sensitive_attributes": [],
          "identity_schema_version": 0,
          "private": "eyJlMmJmYjczMC1lY2FhLTExZTYtOGY4OC0zNDM2M2JjN2M0YzAiOnsiY3JlYXRlIjo2MDAwMDAwMDAwMDAsImRlbGV0ZSI6NjAwMDAwMDAwMDAwfX0="
        },
        {
          "index_key": "volume-web4",
          "schema_version": 0,
          "attributes": {
            "attachment": [],
            "availability_zone": "nova",
            "backup_id": "",
            "consistency_group_id": null,
            "description": "",
            "enable_online_resize": null,
            "id": "4b67df75-f253-477a-8e57-cfa4c874e0b3",
            "image_id": "829a7888-b7ee-4022-bc20-75f0f444f607",
            "metadata": {},
            "multiattach": null,
            "name": "volume-web4",
            "region": "RegionOne",
            "scheduler_hints": [],
            "size": 20,
            "snapshot_id": "",
            "source_replica": null,
            "source_vol_id": "",
            "timeouts": null,
            "volume_type": "iscsi"
          },
          "sensitive_attributes": [],
          "identity_schema_version": 0,
          "private": "eyJlMmJmYjczMC1lY2FhLTExZTYtOGY4OC0zNDM2M2JjN2M0YzAiOnsiY3JlYXRlIjo2MDAwMDAwMDAwMDAsImRlbGV0ZSI6NjAwMDAwMDAwMDAwfX0="
        }
      ]
    },
    {
      "mode": "managed",
      "type": "openstack_compute_floatingip_associate_v2",
      "name": "fip_bastion",
      "provider": "provider[\"registry.terraform.io/terraform-provider-openstack/openstack\"]",
      "instances": [
        {
          "schema_version": 0,
          "attributes": {
            "fixed_ip": "172.16.4.12",
            "floating_ip": "211.183.3.179",
            "id": "211.183.3.179/74ca4204-65c6-43a3-9872-b6954a5e9ec6/172.16.4.12",
            "instance_id": "74ca4204-65c6-43a3-9872-b6954a5e9ec6",
            "region": "RegionOne",
            "timeouts": null,
            "wait_until_associated": true
          },
          "sensitive_attributes": [],
          "identity_schema_version": 0,
          "private": "eyJlMmJmYjczMC1lY2FhLTExZTYtOGY4OC0zNDM2M2JjN2M0YzAiOnsiY3JlYXRlIjo2MDAwMDAwMDAwMDB9fQ==",
          "dependencies": [
            "openstack_blockstorage_volume_v3.volumes",
            "openstack_compute_instance_v2.bastion",
            "openstack_compute_instance_v2.haproxy",
            "openstack_compute_instance_v2.web3",
            "openstack_compute_instance_v2.web4",
            "openstack_networking_floatingip_v2.fip_bastion",
            "openstack_networking_network_v2.private",
            "openstack_networking_secgroup_v2.bastion-sg2",
            "openstack_networking_secgroup_v2.haproxy-web-sg2"
          ]
        }
      ]
    },
    {
      "mode": "managed",
      "type": "openstack_compute_floatingip_associate_v2",
      "name": "fip_haproxy",
      "provider": "provider[\"registry.terraform.io/terraform-provider-openstack/openstack\"]",
      "instances": [
        {
          "schema_version": 0,
          "attributes": {
            "fixed_ip": "172.16.5.247",
            "floating_ip": "211.183.3.189",
            "id": "211.183.3.189/a7e225a0-c330-4d57-82b1-693f83db1302/172.16.5.247",
            "instance_id": "a7e225a0-c330-4d57-82b1-693f83db1302",
            "region": "RegionOne",
            "timeouts": null,
            "wait_until_associated": true
          },
          "sensitive_attributes": [],
          "identity_schema_version": 0,
          "private": "eyJlMmJmYjczMC1lY2FhLTExZTYtOGY4OC0zNDM2M2JjN2M0YzAiOnsiY3JlYXRlIjo2MDAwMDAwMDAwMDB9fQ==",
          "dependencies": [
            "openstack_blockstorage_volume_v3.volumes",
            "openstack_compute_instance_v2.haproxy",
            "openstack_compute_instance_v2.web3",
            "openstack_compute_instance_v2.web4",
            "openstack_networking_floatingip_v2.fip_haproxy",
            "openstack_networking_network_v2.private",
            "openstack_networking_secgroup_v2.haproxy-web-sg2"
          ]
        }
      ]
    },
    {
      "mode": "managed",
      "type": "openstack_compute_floatingip_associate_v2",
      "name": "fip_web3",
      "provider": "provider[\"registry.terraform.io/terraform-provider-openstack/openstack\"]",
      "instances": [
        {
          "schema_version": 0,
          "attributes": {
            "fixed_ip": "172.16.6.195",
            "floating_ip": "211.183.3.124",
            "id": "211.183.3.124/144e8354-ea44-43ec-a8d2-5e1d2b3fba53/172.16.6.195",
            "instance_id": "144e8354-ea44-43ec-a8d2-5e1d2b3fba53",
            "region": "RegionOne",
            "timeouts": null,
            "wait_until_associated": true
          },
          "sensitive_attributes": [],
          "identity_schema_version": 0,
          "private": "eyJlMmJmYjczMC1lY2FhLTExZTYtOGY4OC0zNDM2M2JjN2M0YzAiOnsiY3JlYXRlIjo2MDAwMDAwMDAwMDB9fQ==",
          "dependencies": [
            "openstack_blockstorage_volume_v3.volumes",
            "openstack_compute_instance_v2.web3",
            "openstack_networking_floatingip_v2.fip_web3",
            "openstack_networking_network_v2.private",
            "openstack_networking_secgroup_v2.haproxy-web-sg2"
          ]
        }
      ]
    },
    {
      "mode": "managed",
      "type": "openstack_compute_floatingip_associate_v2",
      "name": "fip_web4",
      "provider": "provider[\"registry.terraform.io/terraform-provider-openstack/openstack\"]",
      "instances": [
        {
          "schema_version": 0,
          "attributes": {
            "fixed_ip": "172.16.6.121",
            "floating_ip": "211.183.3.135",
            "id": "211.183.3.135/a79f494b-21e6-4b6e-980b-db8141a2f6e7/172.16.6.121",
            "instance_id": "a79f494b-21e6-4b6e-980b-db8141a2f6e7",
            "region": "RegionOne",
            "timeouts": null,
            "wait_until_associated": true
          },
          "sensitive_attributes": [],
          "identity_schema_version": 0,
          "private": "eyJlMmJmYjczMC1lY2FhLTExZTYtOGY4OC0zNDM2M2JjN2M0YzAiOnsiY3JlYXRlIjo2MDAwMDAwMDAwMDB9fQ==",
          "dependencies": [
            "openstack_blockstorage_volume_v3.volumes",
            "openstack_compute_instance_v2.web4",
            "openstack_networking_floatingip_v2.fip_web4",
            "openstack_networking_network_v2.private",
            "openstack_networking_secgroup_v2.haproxy-web-sg2"
          ]
        }
      ]
    },
    {
      "mode": "managed",
      "type": "openstack_compute_instance_v2",
      "name": "bastion",
      "provider": "provider[\"registry.terraform.io/terraform-provider-openstack/openstack\"]",
      "instances": [
        {
          "schema_version": 0,
          "attributes": {
            "access_ip_v4": "172.16.4.12",
            "access_ip_v6": "",
            "admin_pass": null,
            "all_metadata": {},
            "all_tags": [],
            "availability_zone": "nova",
            "availability_zone_hints": null,
            "block_device": [
              {
                "boot_index": 0,
                "delete_on_termination": true,
                "destination_type": "volume",
                "device_type": "",
                "disk_bus": "",
                "guest_format": "",
                "multiattach": false,
                "source_type": "volume",
                "uuid": "1be76ad0-a93f-41a3-a95c-3b956b6050c5",
                "volume_size": 0,
                "volume_type": ""
              }
            ],
            "config_drive": null,
            "created": "2025-05-22 14:49:53 +0000 UTC",
            "flavor_id": "2",
            "flavor_name": "m1.small",
            "floating_ip": null,
            "force_delete": false,
            "id": "74ca4204-65c6-43a3-9872-b6954a5e9ec6",
            "image_id": "Attempt to boot from volume - no image supplied",
            "image_name": null,
            "key_pair": "myk8skey",
            "metadata": null,
            "name": "bastion2",
            "network": [
              {
                "access_network": false,
                "fixed_ip_v4": "172.16.4.12",
                "fixed_ip_v6": "",
                "floating_ip": "",
                "mac": "fa:16:3e:3f:6a:a1",
                "name": "private4",
                "port": "",
                "uuid": "c514a3ed-76ca-4122-bd08-5e705152f976"
              }
            ],
            "network_mode": null,
            "personality": [],
            "power_state": "active",
            "region": "RegionOne",
            "scheduler_hints": [],
            "security_groups": [
              "bastion-sg2"
            ],
            "stop_before_destroy": false,
            "tags": null,
            "timeouts": {
              "create": "30m",
              "delete": null,
              "update": null
            },
            "updated": "2025-05-22 14:50:21 +0000 UTC",
            "user_data": "4da493b9b9e12c4b046ecdde821733a803272862",
            "vendor_options": [],
            "volume": []
          },
          "sensitive_attributes": [
            [
              {
                "type": "get_attr",
                "value": "admin_pass"
              }
            ]
          ],
          "identity_schema_version": 0,
          "private": "eyJlMmJmYjczMC1lY2FhLTExZTYtOGY4OC0zNDM2M2JjN2M0YzAiOnsiY3JlYXRlIjoxODAwMDAwMDAwMDAwLCJkZWxldGUiOjE4MDAwMDAwMDAwMDAsInVwZGF0ZSI6MTgwMDAwMDAwMDAwMH19",
          "dependencies": [
            "openstack_blockstorage_volume_v3.volumes",
            "openstack_compute_instance_v2.haproxy",
            "openstack_compute_instance_v2.web3",
            "openstack_compute_instance_v2.web4",
            "openstack_networking_network_v2.private",
            "openstack_networking_secgroup_v2.bastion-sg2",
            "openstack_networking_secgroup_v2.haproxy-web-sg2"
          ]
        }
      ]
    },
    {
      "mode": "managed",
      "type": "openstack_compute_instance_v2",
      "name": "haproxy",
      "provider": "provider[\"registry.terraform.io/terraform-provider-openstack/openstack\"]",
      "instances": [
        {
          "schema_version": 0,
          "attributes": {
            "access_ip_v4": "172.16.5.247",
            "access_ip_v6": "",
            "admin_pass": null,
            "all_metadata": {},
            "all_tags": [],
            "availability_zone": "nova",
            "availability_zone_hints": null,
            "block_device": [
              {
                "boot_index": 0,
                "delete_on_termination": true,
                "destination_type": "volume",
                "device_type": "",
                "disk_bus": "",
                "guest_format": "",
                "multiattach": false,
                "source_type": "volume",
                "uuid": "9e196388-636f-4229-a879-3fd8199a0238",
                "volume_size": 0,
                "volume_type": ""
              }
            ],
            "config_drive": null,
            "created": "2025-05-22 14:49:17 +0000 UTC",
            "flavor_id": "2",
            "flavor_name": "m1.small",
            "floating_ip": null,
            "force_delete": false,
            "id": "a7e225a0-c330-4d57-82b1-693f83db1302",
            "image_id": "Attempt to boot from volume - no image supplied",
            "image_name": null,
            "key_pair": "myk8skey",
            "metadata": null,
            "name": "haproxy2",
            "network": [
              {
                "access_network": false,
                "fixed_ip_v4": "172.16.5.247",
                "fixed_ip_v6": "",
                "floating_ip": "",
                "mac": "fa:16:3e:34:e6:92",
                "name": "private5",
                "port": "",
                "uuid": "182ff2a2-5ec1-471a-8250-b1b2102655a6"
              }
            ],
            "network_mode": null,
            "personality": [],
            "power_state": "active",
            "region": "RegionOne",
            "scheduler_hints": [],
            "security_groups": [
              "haproxy-web-sg2"
            ],
            "stop_before_destroy": false,
            "tags": null,
            "timeouts": {
              "create": "30m",
              "delete": null,
              "update": null
            },
            "updated": "2025-05-22 14:49:38 +0000 UTC",
            "user_data": "58cb3c6dd2c04a2a847f9f76f22185f5d7c1b385",
            "vendor_options": [],
            "volume": []
          },
          "sensitive_attributes": [
            [
              {
                "type": "get_attr",
                "value": "admin_pass"
              }
            ]
          ],
          "identity_schema_version": 0,
          "private": "eyJlMmJmYjczMC1lY2FhLTExZTYtOGY4OC0zNDM2M2JjN2M0YzAiOnsiY3JlYXRlIjoxODAwMDAwMDAwMDAwLCJkZWxldGUiOjE4MDAwMDAwMDAwMDAsInVwZGF0ZSI6MTgwMDAwMDAwMDAwMH19",
          "dependencies": [
            "openstack_blockstorage_volume_v3.volumes",
            "openstack_compute_instance_v2.web3",
            "openstack_compute_instance_v2.web4",
            "openstack_networking_network_v2.private",
            "openstack_networking_secgroup_v2.haproxy-web-sg2"
          ]
        }
      ]
    },
    {
      "mode": "managed",
      "type": "openstack_compute_instance_v2",
      "name": "web3",
      "provider": "provider[\"registry.terraform.io/terraform-provider-openstack/openstack\"]",
      "instances": [
        {
          "schema_version": 0,
          "attributes": {
            "access_ip_v4": "172.16.6.195",
            "access_ip_v6": "",
            "admin_pass": null,
            "all_metadata": {},
            "all_tags": [],
            "availability_zone": "nova",
            "availability_zone_hints": null,
            "block_device": [
              {
                "boot_index": 0,
                "delete_on_termination": true,
                "destination_type": "volume",
                "device_type": "",
                "disk_bus": "",
                "guest_format": "",
                "multiattach": false,
                "source_type": "volume",
                "uuid": "2444f0e3-71dc-4350-9d28-a5e703fb00ac",
                "volume_size": 0,
                "volume_type": ""
              }
            ],
            "config_drive": null,
            "created": "2025-05-22 14:48:32 +0000 UTC",
            "flavor_id": "2",
            "flavor_name": "m1.small",
            "floating_ip": null,
            "force_delete": false,
            "id": "144e8354-ea44-43ec-a8d2-5e1d2b3fba53",
            "image_id": "Attempt to boot from volume - no image supplied",
            "image_name": null,
            "key_pair": "myk8skey",
            "metadata": null,
            "name": "web3",
            "network": [
              {
                "access_network": false,
                "fixed_ip_v4": "172.16.6.195",
                "fixed_ip_v6": "",
                "floating_ip": "",
                "mac": "fa:16:3e:c4:72:d0",
                "name": "private6",
                "port": "",
                "uuid": "6903b1a9-933f-424e-ac05-e14fdfb67d25"
              }
            ],
            "network_mode": null,
            "personality": [],
            "power_state": "active",
            "region": "RegionOne",
            "scheduler_hints": [],
            "security_groups": [
              "haproxy-web-sg2"
            ],
            "stop_before_destroy": false,
            "tags": null,
            "timeouts": {
              "create": "30m",
              "delete": null,
              "update": null
            },
            "updated": "2025-05-22 14:48:56 +0000 UTC",
            "user_data": "4b709268299aa8420332560fe027732b9b0671d2",
            "vendor_options": [],
            "volume": []
          },
          "sensitive_attributes": [
            [
              {
                "type": "get_attr",
                "value": "admin_pass"
              }
            ]
          ],
          "identity_schema_version": 0,
          "private": "eyJlMmJmYjczMC1lY2FhLTExZTYtOGY4OC0zNDM2M2JjN2M0YzAiOnsiY3JlYXRlIjoxODAwMDAwMDAwMDAwLCJkZWxldGUiOjE4MDAwMDAwMDAwMDAsInVwZGF0ZSI6MTgwMDAwMDAwMDAwMH19",
          "dependencies": [
            "openstack_blockstorage_volume_v3.volumes",
            "openstack_networking_network_v2.private",
            "openstack_networking_secgroup_v2.haproxy-web-sg2"
          ]
        }
      ]
    },
    {
      "mode": "managed",
      "type": "openstack_compute_instance_v2",
      "name": "web4",
      "provider": "provider[\"registry.terraform.io/terraform-provider-openstack/openstack\"]",
      "instances": [
        {
          "schema_version": 0,
          "attributes": {
            "access_ip_v4": "172.16.6.121",
            "access_ip_v6": "",
            "admin_pass": null,
            "all_metadata": {},
            "all_tags": [],
            "availability_zone": "nova",
            "availability_zone_hints": null,
            "block_device": [
              {
                "boot_index": 0,
                "delete_on_termination": true,
                "destination_type": "volume",
                "device_type": "",
                "disk_bus": "",
                "guest_format": "",
                "multiattach": false,
                "source_type": "volume",
                "uuid": "4b67df75-f253-477a-8e57-cfa4c874e0b3",
                "volume_size": 0,
                "volume_type": ""
              }
            ],
            "config_drive": null,
            "created": "2025-05-22 14:48:30 +0000 UTC",
            "flavor_id": "2",
            "flavor_name": "m1.small",
            "floating_ip": null,
            "force_delete": false,
            "id": "a79f494b-21e6-4b6e-980b-db8141a2f6e7",
            "image_id": "Attempt to boot from volume - no image supplied",
            "image_name": null,
            "key_pair": "myk8skey",
            "metadata": null,
            "name": "web4",
            "network": [
              {
                "access_network": false,
                "fixed_ip_v4": "172.16.6.121",
                "fixed_ip_v6": "",
                "floating_ip": "",
                "mac": "fa:16:3e:b5:a9:58",
                "name": "private6",
                "port": "",
                "uuid": "6903b1a9-933f-424e-ac05-e14fdfb67d25"
              }
            ],
            "network_mode": null,
            "personality": [],
            "power_state": "active",
            "region": "RegionOne",
            "scheduler_hints": [],
            "security_groups": [
              "haproxy-web-sg2"
            ],
            "stop_before_destroy": false,
            "tags": null,
            "timeouts": {
              "create": "30m",
              "delete": null,
              "update": null
            },
            "updated": "2025-05-22 14:48:52 +0000 UTC",
            "user_data": "4b709268299aa8420332560fe027732b9b0671d2",
            "vendor_options": [],
            "volume": []
          },
          "sensitive_attributes": [
            [
              {
                "type": "get_attr",
                "value": "admin_pass"
              }
            ]
          ],
          "identity_schema_version": 0,
          "private": "eyJlMmJmYjczMC1lY2FhLTExZTYtOGY4OC0zNDM2M2JjN2M0YzAiOnsiY3JlYXRlIjoxODAwMDAwMDAwMDAwLCJkZWxldGUiOjE4MDAwMDAwMDAwMDAsInVwZGF0ZSI6MTgwMDAwMDAwMDAwMH19",
          "dependencies": [
            "openstack_blockstorage_volume_v3.volumes",
            "openstack_networking_network_v2.private",
            "openstack_networking_secgroup_v2.haproxy-web-sg2"
          ]
        }
      ]
    },
    {
      "mode": "managed",
      "type": "openstack_networking_floatingip_v2",
      "name": "fip_bastion",
      "provider": "provider[\"registry.terraform.io/terraform-provider-openstack/openstack\"]",
      "instances": [
        {
          "schema_version": 0,
          "attributes": {
            "address": "211.183.3.179",
            "all_tags": [],
            "description": "",
            "dns_domain": "",
            "dns_name": "",
            "fixed_ip": "",
            "id": "174ada2e-2545-438e-9a51-7307eceead34",
            "pool": "sharednet1",
            "port_id": "",
            "region": "RegionOne",
            "subnet_id": null,
            "subnet_ids": null,
            "tags": [],
            "tenant_id": "05a6cb03df1b4cfbac3ea9a7168a1e93",
            "timeouts": null,
            "value_specs": null
          },
          "sensitive_attributes": [],
          "identity_schema_version": 0,
          "private": "eyJlMmJmYjczMC1lY2FhLTExZTYtOGY4OC0zNDM2M2JjN2M0YzAiOnsiY3JlYXRlIjo2MDAwMDAwMDAwMDAsImRlbGV0ZSI6NjAwMDAwMDAwMDAwfX0="
        }
      ]
    },
    {
      "mode": "managed",
      "type": "openstack_networking_floatingip_v2",
      "name": "fip_haproxy",
      "provider": "provider[\"registry.terraform.io/terraform-provider-openstack/openstack\"]",
      "instances": [
        {
          "schema_version": 0,
          "attributes": {
            "address": "211.183.3.189",
            "all_tags": [],
            "description": "",
            "dns_domain": "",
            "dns_name": "",
            "fixed_ip": "",
            "id": "b9e7ac85-1356-41c1-b509-5b0a916367b5",
            "pool": "sharednet1",
            "port_id": "",
            "region": "RegionOne",
            "subnet_id": null,
            "subnet_ids": null,
            "tags": [],
            "tenant_id": "05a6cb03df1b4cfbac3ea9a7168a1e93",
            "timeouts": null,
            "value_specs": null
          },
          "sensitive_attributes": [],
          "identity_schema_version": 0,
          "private": "eyJlMmJmYjczMC1lY2FhLTExZTYtOGY4OC0zNDM2M2JjN2M0YzAiOnsiY3JlYXRlIjo2MDAwMDAwMDAwMDAsImRlbGV0ZSI6NjAwMDAwMDAwMDAwfX0="
        }
      ]
    },
    {
      "mode": "managed",
      "type": "openstack_networking_floatingip_v2",
      "name": "fip_web3",
      "provider": "provider[\"registry.terraform.io/terraform-provider-openstack/openstack\"]",
      "instances": [
        {
          "schema_version": 0,
          "attributes": {
            "address": "211.183.3.124",
            "all_tags": [],
            "description": "",
            "dns_domain": "",
            "dns_name": "",
            "fixed_ip": "",
            "id": "94769c21-0e24-470a-8645-217177927076",
            "pool": "sharednet1",
            "port_id": "",
            "region": "RegionOne",
            "subnet_id": null,
            "subnet_ids": null,
            "tags": [],
            "tenant_id": "05a6cb03df1b4cfbac3ea9a7168a1e93",
            "timeouts": null,
            "value_specs": null
          },
          "sensitive_attributes": [],
          "identity_schema_version": 0,
          "private": "eyJlMmJmYjczMC1lY2FhLTExZTYtOGY4OC0zNDM2M2JjN2M0YzAiOnsiY3JlYXRlIjo2MDAwMDAwMDAwMDAsImRlbGV0ZSI6NjAwMDAwMDAwMDAwfX0="
        }
      ]
    },
    {
      "mode": "managed",
      "type": "openstack_networking_floatingip_v2",
      "name": "fip_web4",
      "provider": "provider[\"registry.terraform.io/terraform-provider-openstack/openstack\"]",
      "instances": [
        {
          "schema_version": 0,
          "attributes": {
            "address": "211.183.3.135",
            "all_tags": [],
            "description": "",
            "dns_domain": "",
            "dns_name": "",
            "fixed_ip": "",
            "id": "ae8c6453-5dc7-4243-bb82-9756234a23e4",
            "pool": "sharednet1",
            "port_id": "",
            "region": "RegionOne",
            "subnet_id": null,
            "subnet_ids": null,
            "tags": [],
            "tenant_id": "05a6cb03df1b4cfbac3ea9a7168a1e93",
            "timeouts": null,
            "value_specs": null
          },
          "sensitive_attributes": [],
          "identity_schema_version": 0,
          "private": "eyJlMmJmYjczMC1lY2FhLTExZTYtOGY4OC0zNDM2M2JjN2M0YzAiOnsiY3JlYXRlIjo2MDAwMDAwMDAwMDAsImRlbGV0ZSI6NjAwMDAwMDAwMDAwfX0="
        }
      ]
    },
    {
      "mode": "managed",
      "type": "openstack_networking_network_v2",
      "name": "private",
      "provider": "provider[\"registry.terraform.io/terraform-provider-openstack/openstack\"]",
      "instances": [
        {
          "index_key": "private4",
          "schema_version": 0,
          "attributes": {
            "admin_state_up": true,
            "all_tags": [],
            "availability_zone_hints": [],
            "description": "",
            "dns_domain": "",
            "external": false,
            "id": "c514a3ed-76ca-4122-bd08-5e705152f976",
            "mtu": 1450,
            "name": "private4",
            "port_security_enabled": true,
            "qos_policy_id": "",
            "region": "RegionOne",
            "segments": [
              {
                "network_type": "vxlan",
                "physical_network": "",
                "segmentation_id": 97
              }
            ],
            "shared": false,
            "tags": [],
            "tenant_id": "05a6cb03df1b4cfbac3ea9a7168a1e93",
            "timeouts": null,
            "transparent_vlan": false,
            "value_specs": null
          },
          "sensitive_attributes": [],
          "identity_schema_version": 0,
          "private": "eyJlMmJmYjczMC1lY2FhLTExZTYtOGY4OC0zNDM2M2JjN2M0YzAiOnsiY3JlYXRlIjo2MDAwMDAwMDAwMDAsImRlbGV0ZSI6NjAwMDAwMDAwMDAwfX0="
        },
        {
          "index_key": "private5",
          "schema_version": 0,
          "attributes": {
            "admin_state_up": true,
            "all_tags": [],
            "availability_zone_hints": [],
            "description": "",
            "dns_domain": "",
            "external": false,
            "id": "182ff2a2-5ec1-471a-8250-b1b2102655a6",
            "mtu": 1450,
            "name": "private5",
            "port_security_enabled": true,
            "qos_policy_id": "",
            "region": "RegionOne",
            "segments": [
              {
                "network_type": "vxlan",
                "physical_network": "",
                "segmentation_id": 100
              }
            ],
            "shared": false,
            "tags": [],
            "tenant_id": "05a6cb03df1b4cfbac3ea9a7168a1e93",
            "timeouts": null,
            "transparent_vlan": false,
            "value_specs": null
          },
          "sensitive_attributes": [],
          "identity_schema_version": 0,
          "private": "eyJlMmJmYjczMC1lY2FhLTExZTYtOGY4OC0zNDM2M2JjN2M0YzAiOnsiY3JlYXRlIjo2MDAwMDAwMDAwMDAsImRlbGV0ZSI6NjAwMDAwMDAwMDAwfX0="
        },
        {
          "index_key": "private6",
          "schema_version": 0,
          "attributes": {
            "admin_state_up": true,
            "all_tags": [],
            "availability_zone_hints": [],
            "description": "",
            "dns_domain": "",
            "external": false,
            "id": "6903b1a9-933f-424e-ac05-e14fdfb67d25",
            "mtu": 1450,
            "name": "private6",
            "port_security_enabled": true,
            "qos_policy_id": "",
            "region": "RegionOne",
            "segments": [
              {
                "network_type": "vxlan",
                "physical_network": "",
                "segmentation_id": 81
              }
            ],
            "shared": false,
            "tags": [],
            "tenant_id": "05a6cb03df1b4cfbac3ea9a7168a1e93",
            "timeouts": null,
            "transparent_vlan": false,
            "value_specs": null
          },
          "sensitive_attributes": [],
          "identity_schema_version": 0,
          "private": "eyJlMmJmYjczMC1lY2FhLTExZTYtOGY4OC0zNDM2M2JjN2M0YzAiOnsiY3JlYXRlIjo2MDAwMDAwMDAwMDAsImRlbGV0ZSI6NjAwMDAwMDAwMDAwfX0="
        }
      ]
    },
    {
      "mode": "managed",
      "type": "openstack_networking_router_interface_v2",
      "name": "if",
      "provider": "provider[\"registry.terraform.io/terraform-provider-openstack/openstack\"]",
      "instances": [
        {
          "index_key": "private4",
          "schema_version": 0,
          "attributes": {
            "force_destroy": false,
            "id": "f30c1ebe-1d2b-4535-a14a-fe36f302ada3",
            "port_id": "f30c1ebe-1d2b-4535-a14a-fe36f302ada3",
            "region": "RegionOne",
            "router_id": "8d281b46-31ed-477d-9cbc-fa6fa1b28a31",
            "subnet_id": "6bb71f54-e2c0-4c65-9e51-6feddc987766",
            "timeouts": null
          },
          "sensitive_attributes": [],
          "identity_schema_version": 0,
          "private": "eyJlMmJmYjczMC1lY2FhLTExZTYtOGY4OC0zNDM2M2JjN2M0YzAiOnsiY3JlYXRlIjo2MDAwMDAwMDAwMDAsImRlbGV0ZSI6NjAwMDAwMDAwMDAwfX0=",
          "dependencies": [
            "openstack_networking_network_v2.private",
            "openstack_networking_router_v2.main",
            "openstack_networking_subnet_v2.private"
          ]
        },
        {
          "index_key": "private5",
          "schema_version": 0,
          "attributes": {
            "force_destroy": false,
            "id": "c7e8e724-e989-4f7b-8f5e-029b53d8ea64",
            "port_id": "c7e8e724-e989-4f7b-8f5e-029b53d8ea64",
            "region": "RegionOne",
            "router_id": "8d281b46-31ed-477d-9cbc-fa6fa1b28a31",
            "subnet_id": "32dbcfde-7e33-44e7-afdd-1dcb2867d430",
            "timeouts": null
          },
          "sensitive_attributes": [],
          "identity_schema_version": 0,
          "private": "eyJlMmJmYjczMC1lY2FhLTExZTYtOGY4OC0zNDM2M2JjN2M0YzAiOnsiY3JlYXRlIjo2MDAwMDAwMDAwMDAsImRlbGV0ZSI6NjAwMDAwMDAwMDAwfX0=",
          "dependencies": [
            "openstack_networking_network_v2.private",
            "openstack_networking_router_v2.main",
            "openstack_networking_subnet_v2.private"
          ]
        },
        {
          "index_key": "private6",
          "schema_version": 0,
          "attributes": {
            "force_destroy": false,
            "id": "b695e893-1b47-407f-86d7-0fd8945d7428",
            "port_id": "b695e893-1b47-407f-86d7-0fd8945d7428",
            "region": "RegionOne",
            "router_id": "8d281b46-31ed-477d-9cbc-fa6fa1b28a31",
            "subnet_id": "aca654e5-e190-4c24-b8a7-08e6569e7b6a",
            "timeouts": null
          },
          "sensitive_attributes": [],
          "identity_schema_version": 0,
          "private": "eyJlMmJmYjczMC1lY2FhLTExZTYtOGY4OC0zNDM2M2JjN2M0YzAiOnsiY3JlYXRlIjo2MDAwMDAwMDAwMDAsImRlbGV0ZSI6NjAwMDAwMDAwMDAwfX0=",
          "dependencies": [
            "openstack_networking_network_v2.private",
            "openstack_networking_router_v2.main",
            "openstack_networking_subnet_v2.private"
          ]
        }
      ]
    },
    {
      "mode": "managed",
      "type": "openstack_networking_router_v2",
      "name": "main",
      "provider": "provider[\"registry.terraform.io/terraform-provider-openstack/openstack\"]",
      "instances": [
        {
          "schema_version": 0,
          "attributes": {
            "admin_state_up": true,
            "all_tags": [],
            "availability_zone_hints": [],
            "description": "",
            "distributed": false,
            "enable_snat": true,
            "external_fixed_ip": [
              {
                "ip_address": "211.183.3.122",
                "subnet_id": "c26bd7d2-dd02-4bd3-8590-f528d6abf3e9"
              }
            ],
            "external_gateway": "52be5bdc-1cde-447c-bf59-9155e99dbb6c",
            "external_network_id": "52be5bdc-1cde-447c-bf59-9155e99dbb6c",
            "external_subnet_ids": null,
            "id": "8d281b46-31ed-477d-9cbc-fa6fa1b28a31",
            "name": "R2",
            "region": "RegionOne",
            "tags": [],
            "tenant_id": "05a6cb03df1b4cfbac3ea9a7168a1e93",
            "timeouts": null,
            "value_specs": null,
            "vendor_options": []
          },
          "sensitive_attributes": [],
          "identity_schema_version": 0,
          "private": "eyJlMmJmYjczMC1lY2FhLTExZTYtOGY4OC0zNDM2M2JjN2M0YzAiOnsiY3JlYXRlIjo2MDAwMDAwMDAwMDAsImRlbGV0ZSI6NjAwMDAwMDAwMDAwfX0="
        }
      ]
    },
    {
      "mode": "managed",
      "type": "openstack_networking_secgroup_rule_v2",
      "name": "bastion-sg2-rule",
      "provider": "provider[\"registry.terraform.io/terraform-provider-openstack/openstack\"]",
      "instances": [
        {
          "index_key": "icmp",
          "schema_version": 0,
          "attributes": {
            "description": "",
            "direction": "ingress",
            "ethertype": "IPv4",
            "id": "495c7cf5-775a-40e5-a154-c2fe4dce3b91",
            "port_range_max": 0,
            "port_range_min": 0,
            "protocol": "icmp",
            "region": "RegionOne",
            "remote_group_id": "",
            "remote_ip_prefix": "0.0.0.0/0",
            "security_group_id": "e84fa1aa-19f4-4084-a364-d58ad3f57a83",
            "tenant_id": "05a6cb03df1b4cfbac3ea9a7168a1e93",
            "timeouts": null
          },
          "sensitive_attributes": [],
          "identity_schema_version": 0,
          "private": "eyJlMmJmYjczMC1lY2FhLTExZTYtOGY4OC0zNDM2M2JjN2M0YzAiOnsiZGVsZXRlIjo2MDAwMDAwMDAwMDB9fQ==",
          "dependencies": [
            "openstack_networking_secgroup_v2.bastion-sg2"
          ]
        },
        {
          "index_key": "ssh",
          "schema_version": 0,
          "attributes": {
            "description": "",
            "direction": "ingress",
            "ethertype": "IPv4",
            "id": "b02d5b0a-93f7-4faf-bd2f-29aa8a5e3393",
            "port_range_max": 22,
            "port_range_min": 22,
            "protocol": "tcp",
            "region": "RegionOne",
            "remote_group_id": "",
            "remote_ip_prefix": "0.0.0.0/0",
            "security_group_id": "e84fa1aa-19f4-4084-a364-d58ad3f57a83",
            "tenant_id": "05a6cb03df1b4cfbac3ea9a7168a1e93",
            "timeouts": null
          },
          "sensitive_attributes": [],
          "identity_schema_version": 0,
          "private": "eyJlMmJmYjczMC1lY2FhLTExZTYtOGY4OC0zNDM2M2JjN2M0YzAiOnsiZGVsZXRlIjo2MDAwMDAwMDAwMDB9fQ==",
          "dependencies": [
            "openstack_networking_secgroup_v2.bastion-sg2"
          ]
        }
      ]
    },
    {
      "mode": "managed",
      "type": "openstack_networking_secgroup_rule_v2",
      "name": "haproxy-web-sg-rule2",
      "provider": "provider[\"registry.terraform.io/terraform-provider-openstack/openstack\"]",
      "instances": [
        {
          "index_key": "http",
          "schema_version": 0,
          "attributes": {
            "description": "",
            "direction": "ingress",
            "ethertype": "IPv4",
            "id": "fb8b1f88-d19d-4f9b-94bc-1dedc3a6b17c",
            "port_range_max": 80,
            "port_range_min": 80,
            "protocol": "tcp",
            "region": "RegionOne",
            "remote_group_id": "",
            "remote_ip_prefix": "0.0.0.0/0",
            "security_group_id": "017c6a9a-1233-4483-8682-0a18d24c75a0",
            "tenant_id": "05a6cb03df1b4cfbac3ea9a7168a1e93",
            "timeouts": null
          },
          "sensitive_attributes": [],
          "identity_schema_version": 0,
          "private": "eyJlMmJmYjczMC1lY2FhLTExZTYtOGY4OC0zNDM2M2JjN2M0YzAiOnsiZGVsZXRlIjo2MDAwMDAwMDAwMDB9fQ==",
          "dependencies": [
            "openstack_networking_secgroup_v2.haproxy-web-sg2"
          ]
        },
        {
          "index_key": "icmp",
          "schema_version": 0,
          "attributes": {
            "description": "",
            "direction": "ingress",
            "ethertype": "IPv4",
            "id": "52dd16b8-4b8f-4448-a7a1-eb924276a795",
            "port_range_max": 0,
            "port_range_min": 0,
            "protocol": "icmp",
            "region": "RegionOne",
            "remote_group_id": "",
            "remote_ip_prefix": "0.0.0.0/0",
            "security_group_id": "017c6a9a-1233-4483-8682-0a18d24c75a0",
            "tenant_id": "05a6cb03df1b4cfbac3ea9a7168a1e93",
            "timeouts": null
          },
          "sensitive_attributes": [],
          "identity_schema_version": 0,
          "private": "eyJlMmJmYjczMC1lY2FhLTExZTYtOGY4OC0zNDM2M2JjN2M0YzAiOnsiZGVsZXRlIjo2MDAwMDAwMDAwMDB9fQ==",
          "dependencies": [
            "openstack_networking_secgroup_v2.haproxy-web-sg2"
          ]
        },
        {
          "index_key": "ssh",
          "schema_version": 0,
          "attributes": {
            "description": "",
            "direction": "ingress",
            "ethertype": "IPv4",
            "id": "884a20a7-5d62-41aa-9b3e-089732d05819",
            "port_range_max": 22,
            "port_range_min": 22,
            "protocol": "tcp",
            "region": "RegionOne",
            "remote_group_id": "",
            "remote_ip_prefix": "0.0.0.0/0",
            "security_group_id": "017c6a9a-1233-4483-8682-0a18d24c75a0",
            "tenant_id": "05a6cb03df1b4cfbac3ea9a7168a1e93",
            "timeouts": null
          },
          "sensitive_attributes": [],
          "identity_schema_version": 0,
          "private": "eyJlMmJmYjczMC1lY2FhLTExZTYtOGY4OC0zNDM2M2JjN2M0YzAiOnsiZGVsZXRlIjo2MDAwMDAwMDAwMDB9fQ==",
          "dependencies": [
            "openstack_networking_secgroup_v2.haproxy-web-sg2"
          ]
        }
      ]
    },
    {
      "mode": "managed",
      "type": "openstack_networking_secgroup_v2",
      "name": "bastion-sg2",
      "provider": "provider[\"registry.terraform.io/terraform-provider-openstack/openstack\"]",
      "instances": [
        {
          "schema_version": 0,
          "attributes": {
            "all_tags": [],
            "delete_default_rules": null,
            "description": "Allow SSH, icmp access to bastion host",
            "id": "e84fa1aa-19f4-4084-a364-d58ad3f57a83",
            "name": "bastion-sg2",
            "region": "RegionOne",
            "tags": [],
            "tenant_id": "05a6cb03df1b4cfbac3ea9a7168a1e93",
            "timeouts": null
          },
          "sensitive_attributes": [],
          "identity_schema_version": 0,
          "private": "eyJlMmJmYjczMC1lY2FhLTExZTYtOGY4OC0zNDM2M2JjN2M0YzAiOnsiZGVsZXRlIjo2MDAwMDAwMDAwMDB9fQ=="
        }
      ]
    },
    {
      "mode": "managed",
      "type": "openstack_networking_secgroup_v2",
      "name": "haproxy-web-sg2",
      "provider": "provider[\"registry.terraform.io/terraform-provider-openstack/openstack\"]",
      "instances": [
        {
          "schema_version": 0,
          "attributes": {
            "all_tags": [],
            "delete_default_rules": null,
            "description": "Allow SSH, HTTP, ICMP haproxy, web host",
            "id": "017c6a9a-1233-4483-8682-0a18d24c75a0",
            "name": "haproxy-web-sg2",
            "region": "RegionOne",
            "tags": [],
            "tenant_id": "05a6cb03df1b4cfbac3ea9a7168a1e93",
            "timeouts": null
          },
          "sensitive_attributes": [],
          "identity_schema_version": 0,
          "private": "eyJlMmJmYjczMC1lY2FhLTExZTYtOGY4OC0zNDM2M2JjN2M0YzAiOnsiZGVsZXRlIjo2MDAwMDAwMDAwMDB9fQ=="
        }
      ]
    },
    {
      "mode": "managed",
      "type": "openstack_networking_subnet_v2",
      "name": "private",
      "provider": "provider[\"registry.terraform.io/terraform-provider-openstack/openstack\"]",
      "instances": [
        {
          "index_key": "private4",
          "schema_version": 0,
          "attributes": {
            "all_tags": [],
            "allocation_pool": [
              {
                "end": "172.16.4.254",
                "start": "172.16.4.2"
              }
            ],
            "allocation_pools": [
              {
                "end": "172.16.4.254",
                "start": "172.16.4.2"
              }
            ],
            "cidr": "172.16.4.0/24",
            "description": "",
            "dns_nameservers": [
              "8.8.8.8"
            ],
            "enable_dhcp": true,
            "gateway_ip": "172.16.4.1",
            "host_routes": [],
            "id": "6bb71f54-e2c0-4c65-9e51-6feddc987766",
            "ip_version": 4,
            "ipv6_address_mode": "",
            "ipv6_ra_mode": "",
            "name": "private4-subnet",
            "network_id": "c514a3ed-76ca-4122-bd08-5e705152f976",
            "no_gateway": false,
            "prefix_length": null,
            "region": "RegionOne",
            "service_types": [],
            "subnetpool_id": "",
            "tags": [],
            "tenant_id": "05a6cb03df1b4cfbac3ea9a7168a1e93",
            "timeouts": null,
            "value_specs": null
          },
          "sensitive_attributes": [],
          "identity_schema_version": 0,
          "private": "eyJlMmJmYjczMC1lY2FhLTExZTYtOGY4OC0zNDM2M2JjN2M0YzAiOnsiY3JlYXRlIjo2MDAwMDAwMDAwMDAsImRlbGV0ZSI6NjAwMDAwMDAwMDAwfX0=",
          "dependencies": [
            "openstack_networking_network_v2.private"
          ]
        },
        {
          "index_key": "private5",
          "schema_version": 0,
          "attributes": {
            "all_tags": [],
            "allocation_pool": [
              {
                "end": "172.16.5.254",
                "start": "172.16.5.2"
              }
            ],
            "allocation_pools": [
              {
                "end": "172.16.5.254",
                "start": "172.16.5.2"
              }
            ],
            "cidr": "172.16.5.0/24",
            "description": "",
            "dns_nameservers": [
              "8.8.8.8"
            ],
            "enable_dhcp": true,
            "gateway_ip": "172.16.5.1",
            "host_routes": [],
            "id": "32dbcfde-7e33-44e7-afdd-1dcb2867d430",
            "ip_version": 4,
            "ipv6_address_mode": "",
            "ipv6_ra_mode": "",
            "name": "private5-subnet",
            "network_id": "182ff2a2-5ec1-471a-8250-b1b2102655a6",
            "no_gateway": false,
            "prefix_length": null,
            "region": "RegionOne",
            "service_types": [],
            "subnetpool_id": "",
            "tags": [],
            "tenant_id": "05a6cb03df1b4cfbac3ea9a7168a1e93",
            "timeouts": null,
            "value_specs": null
          },
          "sensitive_attributes": [],
          "identity_schema_version": 0,
          "private": "eyJlMmJmYjczMC1lY2FhLTExZTYtOGY4OC0zNDM2M2JjN2M0YzAiOnsiY3JlYXRlIjo2MDAwMDAwMDAwMDAsImRlbGV0ZSI6NjAwMDAwMDAwMDAwfX0=",
          "dependencies": [
            "openstack_networking_network_v2.private"
          ]
        },
        {
          "index_key": "private6",
          "schema_version": 0,
          "attributes": {
            "all_tags": [],
            "allocation_pool": [
              {
                "end": "172.16.6.254",
                "start": "172.16.6.2"
              }
            ],
            "allocation_pools": [
              {
                "end": "172.16.6.254",
                "start": "172.16.6.2"
              }
            ],
            "cidr": "172.16.6.0/24",
            "description": "",
            "dns_nameservers": [
              "8.8.8.8"
            ],
            "enable_dhcp": true,
            "gateway_ip": "172.16.6.1",
            "host_routes": [],
            "id": "aca654e5-e190-4c24-b8a7-08e6569e7b6a",
            "ip_version": 4,
            "ipv6_address_mode": "",
            "ipv6_ra_mode": "",
            "name": "private6-subnet",
            "network_id": "6903b1a9-933f-424e-ac05-e14fdfb67d25",
            "no_gateway": false,
            "prefix_length": null,
            "region": "RegionOne",
            "service_types": [],
            "subnetpool_id": "",
            "tags": [],
            "tenant_id": "05a6cb03df1b4cfbac3ea9a7168a1e93",
            "timeouts": null,
            "value_specs": null
          },
          "sensitive_attributes": [],
          "identity_schema_version": 0,
          "private": "eyJlMmJmYjczMC1lY2FhLTExZTYtOGY4OC0zNDM2M2JjN2M0YzAiOnsiY3JlYXRlIjo2MDAwMDAwMDAwMDAsImRlbGV0ZSI6NjAwMDAwMDAwMDAwfX0=",
          "dependencies": [
            "openstack_networking_network_v2.private"
          ]
        }
      ]
    }
  ],
  "check_results": null
}
